
Microsoft Visual Studio Solution File, Format Version 12.00
# Visual Studio Version 17
VisualStudioVersion = 17.11.35303.130
MinimumVisualStudioVersion = 10.0.40219.1
Project("{9A19103F-16F7-4668-BE54-9A1E7A4F7556}") = "SimaCryptoTool", "SimaCryptoTool\SimaCryptoTool.csproj", "{16F906CE-DB15-4E3C-B552-C701E56B9128}"
EndProject
Project("{FAE04EC0-301F-11D3-BF4B-00C04F79EFBC}") = "CryptoToolTest", "CryptoToolTest\CryptoToolTest.csproj", "{06DCC1F4-A5F0-464C-AE12-C7039A38FFB5}"
EndProject
Global
	GlobalSection(SolutionConfigurationPlatforms) = preSolution
		Debug|Any CPU = Debug|Any CPU
		Release|Any CPU = Release|Any CPU
	EndGlobalSection
	GlobalSection(ProjectConfigurationPlatforms) = postSolution
		{16F906CE-DB15-4E3C-B552-C701E56B9128}.Debug|Any CPU.ActiveCfg = Debug|Any CPU
		{16F906CE-DB15-4E3C-B552-C701E56B9128}.Debug|Any CPU.Build.0 = Debug|Any CPU
		{16F906CE-DB15-4E3C-B552-C701E56B9128}.Release|Any CPU.ActiveCfg = Release|Any CPU
		{16F906CE-DB15-4E3C-B552-C701E56B9128}.Release|Any CPU.Build.0 = Release|Any CPU
		{06DCC1F4-A5F0-464C-AE12-C7039A38FFB5}.Debug|Any CPU.ActiveCfg = Debug|Any CPU
		{06DCC1F4-A5F0-464C-AE12-C7039A38FFB5}.Debug|Any CPU.Build.0 = Debug|Any CPU
		{06DCC1F4-A5F0-464C-AE12-C7039A38FFB5}.Release|Any CPU.ActiveCfg = Release|Any CPU
		{06DCC1F4-A5F0-464C-AE12-C7039A38FFB5}.Release|Any CPU.Build.0 = Release|Any CPU
	EndGlobalSection
	GlobalSection(SolutionProperties) = preSolution
		HideSolutionNode = FALSE
	EndGlobalSection
	GlobalSection(ExtensibilityGlobals) = postSolution
		SolutionGuid = {BE5D364B-F0F5-418F-951F-DDC3E8493117}
	EndGlobalSection
EndGlobal
